
Microsoft Visual Studio Solution File, Format Version 12.00
# Visual Studio 2012
Project("{FAE04EC0-301F-11D3-BF4B-00C04F79EFBC}") = "CrossPlatformExample", "CrossPlatformExample\CrossPlatformExample.csproj", "{080652BF-0DFA-43B8-81FE-4FC870C39C64}"
EndProject
Project("{FAE04EC0-301F-11D3-BF4B-00C04F79EFBC}") = "CrossPlatformExample.iOS", "iOS\CrossPlatformExample.iOS.csproj", "{EDBDAA76-8D18-4F3E-97FB-EE0F14A9B347}"
EndProject
Project("{FAE04EC0-301F-11D3-BF4B-00C04F79EFBC}") = "CrossPlatformExample.Droid", "Droid\CrossPlatformExample.Droid.csproj", "{853669EE-66F2-47DC-BF83-4371B4333F67}"
EndProject
Project("{FAE04EC0-301F-11D3-BF4B-00C04F79EFBC}") = "CrossPlatformExample.WebAPI", "CrossPlatformExample.WebAPI\CrossPlatformExample.WebAPI.csproj", "{120DA4E4-45A9-4615-885C-B5705FB4E578}"
EndProject
Global
	GlobalSection(SolutionConfigurationPlatforms) = preSolution
		Debug|Any CPU = Debug|Any CPU
		Release|Any CPU = Release|Any CPU
		Debug|iPhoneSimulator = Debug|iPhoneSimulator
		Release|iPhone = Release|iPhone
		Release|iPhoneSimulator = Release|iPhoneSimulator
		Debug|iPhone = Debug|iPhone
	EndGlobalSection
	GlobalSection(ProjectConfigurationPlatforms) = postSolution
		{080652BF-0DFA-43B8-81FE-4FC870C39C64}.Debug|Any CPU.ActiveCfg = Debug|Any CPU
		{080652BF-0DFA-43B8-81FE-4FC870C39C64}.Debug|Any CPU.Build.0 = Debug|Any CPU
		{080652BF-0DFA-43B8-81FE-4FC870C39C64}.Release|Any CPU.ActiveCfg = Release|Any CPU
		{080652BF-0DFA-43B8-81FE-4FC870C39C64}.Release|Any CPU.Build.0 = Release|Any CPU
		{080652BF-0DFA-43B8-81FE-4FC870C39C64}.Debug|iPhoneSimulator.ActiveCfg = Debug|Any CPU
		{080652BF-0DFA-43B8-81FE-4FC870C39C64}.Debug|iPhoneSimulator.Build.0 = Debug|Any CPU
		{080652BF-0DFA-43B8-81FE-4FC870C39C64}.Release|iPhone.ActiveCfg = Release|Any CPU
		{080652BF-0DFA-43B8-81FE-4FC870C39C64}.Release|iPhone.Build.0 = Release|Any CPU
		{080652BF-0DFA-43B8-81FE-4FC870C39C64}.Release|iPhoneSimulator.ActiveCfg = Release|Any CPU
		{080652BF-0DFA-43B8-81FE-4FC870C39C64}.Release|iPhoneSimulator.Build.0 = Release|Any CPU
		{080652BF-0DFA-43B8-81FE-4FC870C39C64}.Debug|iPhone.ActiveCfg = Debug|Any CPU
		{080652BF-0DFA-43B8-81FE-4FC870C39C64}.Debug|iPhone.Build.0 = Debug|Any CPU
		{EDBDAA76-8D18-4F3E-97FB-EE0F14A9B347}.Debug|Any CPU.ActiveCfg = Debug|iPhoneSimulator
		{EDBDAA76-8D18-4F3E-97FB-EE0F14A9B347}.Debug|Any CPU.Build.0 = Debug|iPhoneSimulator
		{EDBDAA76-8D18-4F3E-97FB-EE0F14A9B347}.Release|Any CPU.ActiveCfg = Release|iPhone
		{EDBDAA76-8D18-4F3E-97FB-EE0F14A9B347}.Release|Any CPU.Build.0 = Release|iPhone
		{EDBDAA76-8D18-4F3E-97FB-EE0F14A9B347}.Debug|iPhoneSimulator.ActiveCfg = Debug|iPhoneSimulator
		{EDBDAA76-8D18-4F3E-97FB-EE0F14A9B347}.Debug|iPhoneSimulator.Build.0 = Debug|iPhoneSimulator
		{EDBDAA76-8D18-4F3E-97FB-EE0F14A9B347}.Release|iPhone.ActiveCfg = Release|iPhone
		{EDBDAA76-8D18-4F3E-97FB-EE0F14A9B347}.Release|iPhone.Build.0 = Release|iPhone
		{EDBDAA76-8D18-4F3E-97FB-EE0F14A9B347}.Release|iPhoneSimulator.ActiveCfg = Release|iPhoneSimulator
		{EDBDAA76-8D18-4F3E-97FB-EE0F14A9B347}.Release|iPhoneSimulator.Build.0 = Release|iPhoneSimulator
		{EDBDAA76-8D18-4F3E-97FB-EE0F14A9B347}.Debug|iPhone.ActiveCfg = Debug|iPhone
		{EDBDAA76-8D18-4F3E-97FB-EE0F14A9B347}.Debug|iPhone.Build.0 = Debug|iPhone
		{853669EE-66F2-47DC-BF83-4371B4333F67}.Debug|Any CPU.ActiveCfg = Debug|Any CPU
		{853669EE-66F2-47DC-BF83-4371B4333F67}.Debug|Any CPU.Build.0 = Debug|Any CPU
		{853669EE-66F2-47DC-BF83-4371B4333F67}.Release|Any CPU.ActiveCfg = Release|Any CPU
		{853669EE-66F2-47DC-BF83-4371B4333F67}.Release|Any CPU.Build.0 = Release|Any CPU
		{853669EE-66F2-47DC-BF83-4371B4333F67}.Debug|iPhoneSimulator.ActiveCfg = Debug|Any CPU
		{853669EE-66F2-47DC-BF83-4371B4333F67}.Debug|iPhoneSimulator.Build.0 = Debug|Any CPU
		{853669EE-66F2-47DC-BF83-4371B4333F67}.Release|iPhone.ActiveCfg = Release|Any CPU
		{853669EE-66F2-47DC-BF83-4371B4333F67}.Release|iPhone.Build.0 = Release|Any CPU
		{853669EE-66F2-47DC-BF83-4371B4333F67}.Release|iPhoneSimulator.ActiveCfg = Release|Any CPU
		{853669EE-66F2-47DC-BF83-4371B4333F67}.Release|iPhoneSimulator.Build.0 = Release|Any CPU
		{853669EE-66F2-47DC-BF83-4371B4333F67}.Debug|iPhone.ActiveCfg = Debug|Any CPU
		{853669EE-66F2-47DC-BF83-4371B4333F67}.Debug|iPhone.Build.0 = Debug|Any CPU
		{120DA4E4-45A9-4615-885C-B5705FB4E578}.Debug|Any CPU.ActiveCfg = Debug|Any CPU
		{120DA4E4-45A9-4615-885C-B5705FB4E578}.Debug|Any CPU.Build.0 = Debug|Any CPU
		{120DA4E4-45A9-4615-885C-B5705FB4E578}.Release|Any CPU.ActiveCfg = Release|Any CPU
		{120DA4E4-45A9-4615-885C-B5705FB4E578}.Release|Any CPU.Build.0 = Release|Any CPU
		{120DA4E4-45A9-4615-885C-B5705FB4E578}.Debug|iPhoneSimulator.ActiveCfg = Debug|Any CPU
		{120DA4E4-45A9-4615-885C-B5705FB4E578}.Debug|iPhoneSimulator.Build.0 = Debug|Any CPU
		{120DA4E4-45A9-4615-885C-B5705FB4E578}.Release|iPhone.ActiveCfg = Release|Any CPU
		{120DA4E4-45A9-4615-885C-B5705FB4E578}.Release|iPhone.Build.0 = Release|Any CPU
		{120DA4E4-45A9-4615-885C-B5705FB4E578}.Release|iPhoneSimulator.ActiveCfg = Release|Any CPU
		{120DA4E4-45A9-4615-885C-B5705FB4E578}.Release|iPhoneSimulator.Build.0 = Release|Any CPU
		{120DA4E4-45A9-4615-885C-B5705FB4E578}.Debug|iPhone.ActiveCfg = Debug|Any CPU
		{120DA4E4-45A9-4615-885C-B5705FB4E578}.Debug|iPhone.Build.0 = Debug|Any CPU
	EndGlobalSection
EndGlobal
